
Microsoft Visual Studio Solution File, Format Version 12.00
# Visual Studio Version 16
VisualStudioVersion = 16.0.30523.141
MinimumVisualStudioVersion = 10.0.40219.1
Project("{2150E333-8FDC-42A3-9474-1A3956D46DE8}") = "Domain", "Domain", "{F4588656-8CF8-4A7B-B644-0DA9077ABF72}"
EndProject
Project("{2150E333-8FDC-42A3-9474-1A3956D46DE8}") = "Infrastructure", "Infrastructure", "{E28D731A-16D8-4D3F-82F3-7CCAC1DC9987}"
EndProject
Project("{2150E333-8FDC-42A3-9474-1A3956D46DE8}") = "Bus", "Bus", "{E5D5F3D5-8F6D-4ACA-8EF7-84375D40528C}"
EndProject
Project("{2150E333-8FDC-42A3-9474-1A3956D46DE8}") = "IOC", "IOC", "{D497B282-C47B-4D79-9D16-2B627C55F53C}"
EndProject
Project("{2150E333-8FDC-42A3-9474-1A3956D46DE8}") = "Microservices", "Microservices", "{E94AF7FD-137E-4368-B9E6-2205BD25CAFE}"
EndProject
Project("{2150E333-8FDC-42A3-9474-1A3956D46DE8}") = "Presentation", "Presentation", "{9653601E-58CB-418F-BB09-3BFB96BB2763}"
EndProject
Project("{9A19103F-16F7-4668-BE54-9A1E7A4F7556}") = "Kocsistem.RabbitMQ.Domain.Core", "Kocsistem.RabbitMQ.Domain.Core\Kocsistem.RabbitMQ.Domain.Core.csproj", "{A509BD69-8830-41B7-97CE-64869126BC3A}"
EndProject
Project("{9A19103F-16F7-4668-BE54-9A1E7A4F7556}") = "Kocsistem.RabbitMQ.Infras.Bus", "Kocsistem.RabbitMQ.Infras.Bus\Kocsistem.RabbitMQ.Infras.Bus.csproj", "{94BDB5AD-22DA-467D-AF5D-5D5E9A9BB70B}"
EndProject
Project("{9A19103F-16F7-4668-BE54-9A1E7A4F7556}") = "Kocsistem.RabbitMQ.Infras.IOC", "Kocsistem.RabbitMQ.Infras.IOC\Kocsistem.RabbitMQ.Infras.IOC.csproj", "{18ACA2ED-15E9-4AD1-AA59-256E00ACBA4E}"
EndProject
Project("{2150E333-8FDC-42A3-9474-1A3956D46DE8}") = "Stock", "Stock", "{FE1E54A2-50C9-4DFD-BE63-A8AA743A4158}"
EndProject
Project("{2150E333-8FDC-42A3-9474-1A3956D46DE8}") = "Payment", "Payment", "{97CC9358-FFFA-490E-BCA0-C48E3AB831B4}"
EndProject
Project("{2150E333-8FDC-42A3-9474-1A3956D46DE8}") = "Api", "Api", "{95F8BFC2-7A64-4897-843C-B6D0224A87F5}"
EndProject
Project("{2150E333-8FDC-42A3-9474-1A3956D46DE8}") = "Application", "Application", "{BA4C1421-6030-4998-BED0-74E9012703AE}"
EndProject
Project("{2150E333-8FDC-42A3-9474-1A3956D46DE8}") = "Data", "Data", "{406B0EC5-F4A0-457A-B46C-31C246A3025B}"
EndProject
Project("{2150E333-8FDC-42A3-9474-1A3956D46DE8}") = "Api", "Api", "{7A946C2C-463A-4D73-A997-6B624190D8A1}"
EndProject
Project("{2150E333-8FDC-42A3-9474-1A3956D46DE8}") = "Application", "Application", "{453175F7-BAFB-46F8-8D09-0A5BB3E88391}"
EndProject
Project("{2150E333-8FDC-42A3-9474-1A3956D46DE8}") = "Domain", "Domain", "{FE784BF2-F2F7-4A25-9901-E30780FA351B}"
EndProject
Project("{2150E333-8FDC-42A3-9474-1A3956D46DE8}") = "Data", "Data", "{F70400DF-7165-4993-B6AD-7277980FE8DE}"
EndProject
Project("{2150E333-8FDC-42A3-9474-1A3956D46DE8}") = "Domain", "Domain", "{94D440D8-223B-4FE3-AEBA-3F49BB50E459}"
EndProject
Project("{9A19103F-16F7-4668-BE54-9A1E7A4F7556}") = "Kocsistem.RabbitMQ.Payment.Data", "Kocsistem.RabbitMQ.Payment.Data\Kocsistem.RabbitMQ.Payment.Data.csproj", "{B9CAFEBB-F7BB-4E50-9857-F3E97563C98B}"
EndProject
Project("{9A19103F-16F7-4668-BE54-9A1E7A4F7556}") = "Kocsistem.RabbitMQ.Payment.Domain", "Kocsistem.RabbitMQ.Payment.Domain\Kocsistem.RabbitMQ.Payment.Domain.csproj", "{1E469B8D-B7AC-456B-9299-D21ADF56D470}"
EndProject
Project("{9A19103F-16F7-4668-BE54-9A1E7A4F7556}") = "Kocsistem.RabbitMQ.Payment.Application", "Kocsistem.RabbitMQ.Payment.Application\Kocsistem.RabbitMQ.Payment.Application.csproj", "{4C8B151B-51CA-4B72-A182-E767DEA1D93A}"
EndProject
Project("{9A19103F-16F7-4668-BE54-9A1E7A4F7556}") = "Kocsistem.RabbitMQ.Stock.Domain", "Kocsistem.RabbitMQ.Stock.Domain\Kocsistem.RabbitMQ.Stock.Domain.csproj", "{8EE83EF8-E7FF-4CB5-9BDC-C1DFA8FF2AF8}"
EndProject
Project("{9A19103F-16F7-4668-BE54-9A1E7A4F7556}") = "Kocsistem.RabbitMQ.Stock.Data", "Kocsistem.RabbitMQ.Stock.Data\Kocsistem.RabbitMQ.Stock.Data.csproj", "{21DB7C38-1CCF-4B73-A1A1-378AA3907127}"
EndProject
Project("{9A19103F-16F7-4668-BE54-9A1E7A4F7556}") = "Kocsistem.RabbitMQ.Stock.Application", "Kocsistem.RabbitMQ.Stock.Application\Kocsistem.RabbitMQ.Stock.Application.csproj", "{AADAA952-80C6-4D2A-9C9E-A28E132276AE}"
EndProject
Project("{2150E333-8FDC-42A3-9474-1A3956D46DE8}") = "Basket", "Basket", "{EA6EDF27-3BE5-4DE5-93AC-0C009A650BBB}"
EndProject
Project("{9A19103F-16F7-4668-BE54-9A1E7A4F7556}") = "Kocsistem.RabbitMQ.Payment.Api", "Kocsistem.RabbitMQ.Payment.Api\Kocsistem.RabbitMQ.Payment.Api.csproj", "{A4F95963-D360-4B34-93AC-12AB57F9D645}"
EndProject
Project("{9A19103F-16F7-4668-BE54-9A1E7A4F7556}") = "Kocsistem.RabbitMQ.Stock.Api", "Kocsistem.RabbitMQ.Stock.Api\Kocsistem.RabbitMQ.Stock.Api.csproj", "{FEF2C02D-24F9-4AA5-B0EF-CC4B617B4849}"
EndProject
Project("{2150E333-8FDC-42A3-9474-1A3956D46DE8}") = "ApiGateway", "ApiGateway", "{2FAD5848-6355-4E1B-9389-C9DB54B7B3B7}"
EndProject
Project("{9A19103F-16F7-4668-BE54-9A1E7A4F7556}") = "Kocsistem.RabbitMQ.ApiGateway", "Kocsistem.RabbitMQ.ApiGateway\Kocsistem.RabbitMQ.ApiGateway.csproj", "{5E52A2C9-3037-45D2-8031-F6D3AAEBABE4}"
EndProject
Project("{9A19103F-16F7-4668-BE54-9A1E7A4F7556}") = "Kocsistem.RabbitMQ.Mvc", "Kocsistem.RabbitMQ.Mvc\Kocsistem.RabbitMQ.Mvc.csproj", "{0BEF3501-A8D8-425C-BD20-F0D29877BFB1}"
EndProject
Project("{E53339B2-1760-4266-BCC7-CA923CBCF16C}") = "docker-compose", "docker-compose.dcproj", "{3CB5A9B4-C75C-4FA2-89FE-2A56C338EF55}"
EndProject
Global
	GlobalSection(SolutionConfigurationPlatforms) = preSolution
		Debug|Any CPU = Debug|Any CPU
		Release|Any CPU = Release|Any CPU
	EndGlobalSection
	GlobalSection(ProjectConfigurationPlatforms) = postSolution
		{A509BD69-8830-41B7-97CE-64869126BC3A}.Debug|Any CPU.ActiveCfg = Debug|Any CPU
		{A509BD69-8830-41B7-97CE-64869126BC3A}.Debug|Any CPU.Build.0 = Debug|Any CPU
		{A509BD69-8830-41B7-97CE-64869126BC3A}.Release|Any CPU.ActiveCfg = Release|Any CPU
		{A509BD69-8830-41B7-97CE-64869126BC3A}.Release|Any CPU.Build.0 = Release|Any CPU
		{94BDB5AD-22DA-467D-AF5D-5D5E9A9BB70B}.Debug|Any CPU.ActiveCfg = Debug|Any CPU
		{94BDB5AD-22DA-467D-AF5D-5D5E9A9BB70B}.Debug|Any CPU.Build.0 = Debug|Any CPU
		{94BDB5AD-22DA-467D-AF5D-5D5E9A9BB70B}.Release|Any CPU.ActiveCfg = Release|Any CPU
		{94BDB5AD-22DA-467D-AF5D-5D5E9A9BB70B}.Release|Any CPU.Build.0 = Release|Any CPU
		{18ACA2ED-15E9-4AD1-AA59-256E00ACBA4E}.Debug|Any CPU.ActiveCfg = Debug|Any CPU
		{18ACA2ED-15E9-4AD1-AA59-256E00ACBA4E}.Debug|Any CPU.Build.0 = Debug|Any CPU
		{18ACA2ED-15E9-4AD1-AA59-256E00ACBA4E}.Release|Any CPU.ActiveCfg = Release|Any CPU
		{18ACA2ED-15E9-4AD1-AA59-256E00ACBA4E}.Release|Any CPU.Build.0 = Release|Any CPU
		{B9CAFEBB-F7BB-4E50-9857-F3E97563C98B}.Debug|Any CPU.ActiveCfg = Debug|Any CPU
		{B9CAFEBB-F7BB-4E50-9857-F3E97563C98B}.Debug|Any CPU.Build.0 = Debug|Any CPU
		{B9CAFEBB-F7BB-4E50-9857-F3E97563C98B}.Release|Any CPU.ActiveCfg = Release|Any CPU
		{B9CAFEBB-F7BB-4E50-9857-F3E97563C98B}.Release|Any CPU.Build.0 = Release|Any CPU
		{1E469B8D-B7AC-456B-9299-D21ADF56D470}.Debug|Any CPU.ActiveCfg = Debug|Any CPU
		{1E469B8D-B7AC-456B-9299-D21ADF56D470}.Debug|Any CPU.Build.0 = Debug|Any CPU
		{1E469B8D-B7AC-456B-9299-D21ADF56D470}.Release|Any CPU.ActiveCfg = Release|Any CPU
		{1E469B8D-B7AC-456B-9299-D21ADF56D470}.Release|Any CPU.Build.0 = Release|Any CPU
		{4C8B151B-51CA-4B72-A182-E767DEA1D93A}.Debug|Any CPU.ActiveCfg = Debug|Any CPU
		{4C8B151B-51CA-4B72-A182-E767DEA1D93A}.Debug|Any CPU.Build.0 = Debug|Any CPU
		{4C8B151B-51CA-4B72-A182-E767DEA1D93A}.Release|Any CPU.ActiveCfg = Release|Any CPU
		{4C8B151B-51CA-4B72-A182-E767DEA1D93A}.Release|Any CPU.Build.0 = Release|Any CPU
		{8EE83EF8-E7FF-4CB5-9BDC-C1DFA8FF2AF8}.Debug|Any CPU.ActiveCfg = Debug|Any CPU
		{8EE83EF8-E7FF-4CB5-9BDC-C1DFA8FF2AF8}.Debug|Any CPU.Build.0 = Debug|Any CPU
		{8EE83EF8-E7FF-4CB5-9BDC-C1DFA8FF2AF8}.Release|Any CPU.ActiveCfg = Release|Any CPU
		{8EE83EF8-E7FF-4CB5-9BDC-C1DFA8FF2AF8}.Release|Any CPU.Build.0 = Release|Any CPU
		{21DB7C38-1CCF-4B73-A1A1-378AA3907127}.Debug|Any CPU.ActiveCfg = Debug|Any CPU
		{21DB7C38-1CCF-4B73-A1A1-378AA3907127}.Debug|Any CPU.Build.0 = Debug|Any CPU
		{21DB7C38-1CCF-4B73-A1A1-378AA3907127}.Release|Any CPU.ActiveCfg = Release|Any CPU
		{21DB7C38-1CCF-4B73-A1A1-378AA3907127}.Release|Any CPU.Build.0 = Release|Any CPU
		{AADAA952-80C6-4D2A-9C9E-A28E132276AE}.Debug|Any CPU.ActiveCfg = Debug|Any CPU
		{AADAA952-80C6-4D2A-9C9E-A28E132276AE}.Debug|Any CPU.Build.0 = Debug|Any CPU
		{AADAA952-80C6-4D2A-9C9E-A28E132276AE}.Release|Any CPU.ActiveCfg = Release|Any CPU
		{AADAA952-80C6-4D2A-9C9E-A28E132276AE}.Release|Any CPU.Build.0 = Release|Any CPU
		{A4F95963-D360-4B34-93AC-12AB57F9D645}.Debug|Any CPU.ActiveCfg = Debug|Any CPU
		{A4F95963-D360-4B34-93AC-12AB57F9D645}.Debug|Any CPU.Build.0 = Debug|Any CPU
		{A4F95963-D360-4B34-93AC-12AB57F9D645}.Release|Any CPU.ActiveCfg = Release|Any CPU
		{A4F95963-D360-4B34-93AC-12AB57F9D645}.Release|Any CPU.Build.0 = Release|Any CPU
		{FEF2C02D-24F9-4AA5-B0EF-CC4B617B4849}.Debug|Any CPU.ActiveCfg = Debug|Any CPU
		{FEF2C02D-24F9-4AA5-B0EF-CC4B617B4849}.Debug|Any CPU.Build.0 = Debug|Any CPU
		{FEF2C02D-24F9-4AA5-B0EF-CC4B617B4849}.Release|Any CPU.ActiveCfg = Release|Any CPU
		{FEF2C02D-24F9-4AA5-B0EF-CC4B617B4849}.Release|Any CPU.Build.0 = Release|Any CPU
		{5E52A2C9-3037-45D2-8031-F6D3AAEBABE4}.Debug|Any CPU.ActiveCfg = Debug|Any CPU
		{5E52A2C9-3037-45D2-8031-F6D3AAEBABE4}.Debug|Any CPU.Build.0 = Debug|Any CPU
		{5E52A2C9-3037-45D2-8031-F6D3AAEBABE4}.Release|Any CPU.ActiveCfg = Release|Any CPU
		{5E52A2C9-3037-45D2-8031-F6D3AAEBABE4}.Release|Any CPU.Build.0 = Release|Any CPU
		{0BEF3501-A8D8-425C-BD20-F0D29877BFB1}.Debug|Any CPU.ActiveCfg = Debug|Any CPU
		{0BEF3501-A8D8-425C-BD20-F0D29877BFB1}.Debug|Any CPU.Build.0 = Debug|Any CPU
		{0BEF3501-A8D8-425C-BD20-F0D29877BFB1}.Release|Any CPU.ActiveCfg = Release|Any CPU
		{0BEF3501-A8D8-425C-BD20-F0D29877BFB1}.Release|Any CPU.Build.0 = Release|Any CPU
		{3CB5A9B4-C75C-4FA2-89FE-2A56C338EF55}.Debug|Any CPU.ActiveCfg = Debug|Any CPU
		{3CB5A9B4-C75C-4FA2-89FE-2A56C338EF55}.Debug|Any CPU.Build.0 = Debug|Any CPU
		{3CB5A9B4-C75C-4FA2-89FE-2A56C338EF55}.Release|Any CPU.ActiveCfg = Release|Any CPU
		{3CB5A9B4-C75C-4FA2-89FE-2A56C338EF55}.Release|Any CPU.Build.0 = Release|Any CPU
	EndGlobalSection
	GlobalSection(SolutionProperties) = preSolution
		HideSolutionNode = FALSE
	EndGlobalSection
	GlobalSection(NestedProjects) = preSolution
		{E5D5F3D5-8F6D-4ACA-8EF7-84375D40528C} = {E28D731A-16D8-4D3F-82F3-7CCAC1DC9987}
		{D497B282-C47B-4D79-9D16-2B627C55F53C} = {E28D731A-16D8-4D3F-82F3-7CCAC1DC9987}
		{A509BD69-8830-41B7-97CE-64869126BC3A} = {F4588656-8CF8-4A7B-B644-0DA9077ABF72}
		{94BDB5AD-22DA-467D-AF5D-5D5E9A9BB70B} = {E5D5F3D5-8F6D-4ACA-8EF7-84375D40528C}
		{18ACA2ED-15E9-4AD1-AA59-256E00ACBA4E} = {D497B282-C47B-4D79-9D16-2B627C55F53C}
		{FE1E54A2-50C9-4DFD-BE63-A8AA743A4158} = {E94AF7FD-137E-4368-B9E6-2205BD25CAFE}
		{97CC9358-FFFA-490E-BCA0-C48E3AB831B4} = {E94AF7FD-137E-4368-B9E6-2205BD25CAFE}
		{95F8BFC2-7A64-4897-843C-B6D0224A87F5} = {97CC9358-FFFA-490E-BCA0-C48E3AB831B4}
		{BA4C1421-6030-4998-BED0-74E9012703AE} = {97CC9358-FFFA-490E-BCA0-C48E3AB831B4}
		{406B0EC5-F4A0-457A-B46C-31C246A3025B} = {97CC9358-FFFA-490E-BCA0-C48E3AB831B4}
		{7A946C2C-463A-4D73-A997-6B624190D8A1} = {FE1E54A2-50C9-4DFD-BE63-A8AA743A4158}
		{453175F7-BAFB-46F8-8D09-0A5BB3E88391} = {FE1E54A2-50C9-4DFD-BE63-A8AA743A4158}
		{FE784BF2-F2F7-4A25-9901-E30780FA351B} = {97CC9358-FFFA-490E-BCA0-C48E3AB831B4}
		{F70400DF-7165-4993-B6AD-7277980FE8DE} = {FE1E54A2-50C9-4DFD-BE63-A8AA743A4158}
		{94D440D8-223B-4FE3-AEBA-3F49BB50E459} = {FE1E54A2-50C9-4DFD-BE63-A8AA743A4158}
		{B9CAFEBB-F7BB-4E50-9857-F3E97563C98B} = {406B0EC5-F4A0-457A-B46C-31C246A3025B}
		{1E469B8D-B7AC-456B-9299-D21ADF56D470} = {FE784BF2-F2F7-4A25-9901-E30780FA351B}
		{4C8B151B-51CA-4B72-A182-E767DEA1D93A} = {BA4C1421-6030-4998-BED0-74E9012703AE}
		{8EE83EF8-E7FF-4CB5-9BDC-C1DFA8FF2AF8} = {94D440D8-223B-4FE3-AEBA-3F49BB50E459}
		{21DB7C38-1CCF-4B73-A1A1-378AA3907127} = {F70400DF-7165-4993-B6AD-7277980FE8DE}
		{AADAA952-80C6-4D2A-9C9E-A28E132276AE} = {453175F7-BAFB-46F8-8D09-0A5BB3E88391}
		{EA6EDF27-3BE5-4DE5-93AC-0C009A650BBB} = {E94AF7FD-137E-4368-B9E6-2205BD25CAFE}
		{A4F95963-D360-4B34-93AC-12AB57F9D645} = {95F8BFC2-7A64-4897-843C-B6D0224A87F5}
		{FEF2C02D-24F9-4AA5-B0EF-CC4B617B4849} = {7A946C2C-463A-4D73-A997-6B624190D8A1}
		{2FAD5848-6355-4E1B-9389-C9DB54B7B3B7} = {E94AF7FD-137E-4368-B9E6-2205BD25CAFE}
		{5E52A2C9-3037-45D2-8031-F6D3AAEBABE4} = {2FAD5848-6355-4E1B-9389-C9DB54B7B3B7}
		{0BEF3501-A8D8-425C-BD20-F0D29877BFB1} = {9653601E-58CB-418F-BB09-3BFB96BB2763}
	EndGlobalSection
	GlobalSection(ExtensibilityGlobals) = postSolution
		SolutionGuid = {3B1EE515-4B82-4086-A5D3-C954AB973ACE}
	EndGlobalSection
EndGlobal
